// !$*UTF8*$!
{
	archiveVersion = 1;
	classes = {
	};
	objectVersion = 48;
	objects = {

/* Begin PBXBuildFile section */
		1AB4175B2093C01C0075F4F8 /* AppDelegate.swift in Sources */ = {isa = PBXBuildFile; fileRef = 1AB4175A2093C01C0075F4F8 /* AppDelegate.swift */; };
		1AB417602093C01C0075F4F8 /* Main.storyboard in Resources */ = {isa = PBXBuildFile; fileRef = 1AB4175E2093C01C0075F4F8 /* Main.storyboard */; };
		1AB417622093C01C0075F4F8 /* Assets.xcassets in Resources */ = {isa = PBXBuildFile; fileRef = 1AB417612093C01C0075F4F8 /* Assets.xcassets */; };
		1AB417652093C01C0075F4F8 /* LaunchScreen.storyboard in Resources */ = {isa = PBXBuildFile; fileRef = 1AB417632093C01C0075F4F8 /* LaunchScreen.storyboard */; };
		1AB4176D2093C5980075F4F8 /* EmojiTableViewController.swift in Sources */ = {isa = PBXBuildFile; fileRef = 1AB4176C2093C5980075F4F8 /* EmojiTableViewController.swift */; };
		1ADD81312094D402000A7E62 /* EmojiDefinitionViewController.swift in Sources */ = {isa = PBXBuildFile; fileRef = 1ADD81302094D402000A7E62 /* EmojiDefinitionViewController.swift */; };
/* End PBXBuildFile section */

/* Begin PBXFileReference section */
		1AB417572093C01C0075F4F8 /* emoji dictionary.app */ = {isa = PBXFileReference; explicitFileType = wrapper.application; includeInIndex = 0; path = "emoji dictionary.app"; sourceTree = BUILT_PRODUCTS_DIR; };
		1AB4175A2093C01C0075F4F8 /* AppDelegate.swift */ = {isa = PBXFileReference; lastKnownFileType = sourcecode.swift; path = AppDelegate.swift; sourceTree = "<group>"; };
		1AB4175F2093C01C0075F4F8 /* Base */ = {isa = PBXFileReference; lastKnownFileType = file.storyboard; name = Base; path = Base.lproj/Main.storyboard; sourceTree = "<group>"; };
		1AB417612093C01C0075F4F8 /* Assets.xcassets */ = {isa = PBXFileReference; lastKnownFileType = folder.assetcatalog; path = Assets.xcassets; sourceTree = "<group>"; };
		1AB417642093C01C0075F4F8 /* Base */ = {isa = PBXFileReference; lastKnownFileType = file.storyboard; name = Base; path = Base.lproj/LaunchScreen.storyboard; sourceTree = "<group>"; };
		1AB417662093C01C0075F4F8 /* Info.plist */ = {isa = PBXFileReference; lastKnownFileType = text.plist.xml; path = Info.plist; sourceTree = "<group>"; };
		1AB4176C2093C5980075F4F8 /* EmojiTableViewController.swift */ = {isa = PBXFileReference; lastKnownFileType = sourcecode.swift; path = EmojiTableViewController.swift; sourceTree = "<group>"; };
		1ADD81302094D402000A7E62 /* EmojiDefinitionViewController.swift */ = {isa = PBXFileReference; lastKnownFileType = sourcecode.swift; path = EmojiDefinitionViewController.swift; sourceTree = "<group>"; };
/* End PBXFileReference section */

/* Begin PBXFrameworksBuildPhase section */
		1AB417542093C01C0075F4F8 /* Frameworks */ = {
			isa = PBXFrameworksBuildPhase;
			buildActionMask = 2147483647;
			files = (
			);
			runOnlyForDeploymentPostprocessing = 0;
		};
/* End PBXFrameworksBuildPhase section */

/* Begin PBXGroup section */
		1AB4174E2093C01C0075F4F8 = {
			isa = PBXGroup;
			children = (
				1AB417592093C01C0075F4F8 /* emoji dictionary */,
				1AB417582093C01C0075F4F8 /* Products */,
			);
			sourceTree = "<group>";
		};
		1AB417582093C01C0075F4F8 /* Products */ = {
			isa = PBXGroup;
			children = (
				1AB417572093C01C0075F4F8 /* emoji dictionary.app */,
			);
			name = Products;
			sourceTree = "<group>";
		};
		1AB417592093C01C0075F4F8 /* emoji dictionary */ = {
			isa = PBXGroup;
			children = (
				1AB4175A2093C01C0075F4F8 /* AppDelegate.swift */,
				1AB4175E2093C01C0075F4F8 /* Main.storyboard */,
				1ADD81302094D402000A7E62 /* EmojiDefinitionViewController.swift */,
				1AB4176C2093C5980075F4F8 /* EmojiTableViewController.swift */,
				1AB417612093C01C0075F4F8 /* Assets.xcassets */,
				1AB417632093C01C0075F4F8 /* LaunchScreen.storyboard */,
				1AB417662093C01C0075F4F8 /* Info.plist */,
			);
			path = "emoji dictionary";
			sourceTree = "<group>";
		};
/* End PBXGroup section */

/* Begin PBXNativeTarget section */
		1AB417562093C01C0075F4F8 /* emoji dictionary */ = {
			isa = PBXNativeTarget;
			buildConfigurationList = 1AB417692093C01C0075F4F8 /* Build configuration list for PBXNativeTarget "emoji dictionary" */;
			buildPhases = (
				1AB417532093C01C0075F4F8 /* Sources */,
				1AB417542093C01C0075F4F8 /* Frameworks */,
				1AB417552093C01C0075F4F8 /* Resources */,
			);
			buildRules = (
			);
			dependencies = (
			);
			name = "emoji dictionary";
			productName = "emoji dictionary";
			productReference = 1AB417572093C01C0075F4F8 /* emoji dictionary.app */;
			productType = "com.apple.product-type.application";
		};
/* End PBXNativeTarget section */

/* Begin PBXProject section */
		1AB4174F2093C01C0075F4F8 /* Project object */ = {
			isa = PBXProject;
			attributes = {
				LastSwiftUpdateCheck = 0920;
				LastUpgradeCheck = 0920;
				ORGANIZATIONNAME = "Carmen Leander";
				TargetAttributes = {
					1AB417562093C01C0075F4F8 = {
						CreatedOnToolsVersion = 9.2;
						ProvisioningStyle = Automatic;
					};
				};
			};
			buildConfigurationList = 1AB417522093C01C0075F4F8 /* Build configuration list for PBXProject "emoji dictionary" */;
			compatibilityVersion = "Xcode 8.0";
			developmentRegion = en;
			hasScannedForEncodings = 0;
			knownRegions = (
				en,
				Base,
			);
			mainGroup = 1AB4174E2093C01C0075F4F8;
			productRefGroup = 1AB417582093C01C0075F4F8 /* Products */;
			projectDirPath = "";
			projectRoot = "";
			targets = (
				1AB417562093C01C0075F4F8 /* emoji dictionary */,
			);
		};
/* End PBXProject section */

/* Begin PBXResourcesBuildPhase section */
		1AB417552093C01C0075F4F8 /* Resources */ = {
			isa = PBXResourcesBuildPhase;
			buildActionMask = 2147483647;
			files = (
				1AB417652093C01C0075F4F8 /* LaunchScreen.storyboard in Resources */,
				1AB417622093C01C0075F4F8 /* Assets.xcassets in Resources */,
				1AB417602093C01C0075F4F8 /* Main.storyboard in Resources */,
			);
			runOnlyForDeploymentPostprocessing = 0;
		};
/* End PBXResourcesBuildPhase section */

/* Begin PBXSourcesBuildPhase section */
		1AB417532093C01C0075F4F8 /* Sources */ = {
			isa = PBXSourcesBuildPhase;
			buildActionMask = 2147483647;
			files = (
				1AB4176D2093C5980075F4F8 /* EmojiTableViewController.swift in Sources */,
				1ADD81312094D402000A7E62 /* EmojiDefinitionViewController.swift in Sources */,
				1AB4175B2093C01C0075F4F8 /* AppDelegate.swift in Sources */,
			);
			runOnlyForDeploymentPostprocessing = 0;
		};
/* End PBXSourcesBuildPhase section */

/* Begin PBXVariantGroup section */
		1AB4175E2093C01C0075F4F8 /* Main.storyboard */ = {
			isa = PBXVariantGroup;
			children = (
				1AB4175F2093C01C0075F4F8 /* Base */,
			);
			name = Main.storyboard;
			sourceTree = "<group>";
		};
		1AB417632093C01C0075F4F8 /* LaunchScreen.storyboard */ = {
			isa = PBXVariantGroup;
			children = (
				1AB417642093C01C0075F4F8 /* Base */,
			);
			name = LaunchScreen.storyboard;
			sourceTree = "<group>";
		};
/* End PBXVariantGroup section */

/* Begin XCBuildConfiguration section */
		1AB417672093C01C0075F4F8 /* Debug */ = {
			isa = XCBuildConfiguration;
			buildSettings = {
				ALWAYS_SEARCH_USER_PATHS = NO;
				CLANG_ANALYZER_NONNULL = YES;
				CLANG_ANALYZER_NUMBER_OBJECT_CONVERSION = YES_AGGRESSIVE;
				CLANG_CXX_LANGUAGE_STANDARD = "gnu++14";
				CLANG_CXX_LIBRARY = "libc++";
				CLANG_ENABLE_MODULES = YES;
				CLANG_ENABLE_OBJC_ARC = YES;
				CLANG_WARN_BLOCK_CAPTURE_AUTORELEASING = YES;
				CLANG_WARN_BOOL_CONVERSION = YES;
				CLANG_WARN_COMMA = YES;
				CLANG_WARN_CONSTANT_CONVERSION = YES;
				CLANG_WARN_DIRECT_OBJC_ISA_USAGE = YES_ERROR;
				CLANG_WARN_DOCUMENTATION_COMMENTS = YES;
				CLANG_WARN_EMPTY_BODY = YES;
				CLANG_WARN_ENUM_CONVERSION = YES;
				CLANG_WARN_INFINITE_RECURSION = YES;
				CLANG_WARN_INT_CONVERSION = YES;
				CLANG_WARN_NON_LITERAL_NULL_CONVERSION = YES;
				CLANG_WARN_OBJC_LITERAL_CONVERSION = YES;
				CLANG_WARN_OBJC_ROOT_CLASS = YES_ERROR;
				CLANG_WARN_RANGE_LOOP_ANALYSIS = YES;
				CLANG_WARN_STRICT_PROTOTYPES = YES;
				CLANG_WARN_SUSPICIOUS_MOVE = YES;
				CLANG_WARN_UNGUARDED_AVAILABILITY = YES_AGGRESSIVE;
				CLANG_WARN_UNREACHABLE_CODE = YES;
				CLANG_WARN__DUPLICATE_METHOD_MATCH = YES;
				CODE_SIGN_IDENTITY = "iPhone Developer";
				COPY_PHASE_STRIP = NO;
				DEBUG_INFORMATION_FORMAT = dwarf;
				ENABLE_STRICT_OBJC_MSGSEND = YES;
				ENABLE_TESTABILITY = YES;
				GCC_C_LANGUAGE_STANDARD = gnu11;
				GCC_DYNAMIC_NO_PIC = NO;
				GCC_NO_COMMON_BLOCKS = YES;
				GCC_OPTIMIZATION_LEVEL = 0;
				GCC_PREPROCESSOR_DEFINITIONS = (
					"DEBUG=1",
					"$(inherited)",
				);
				GCC_WARN_64_TO_32_BIT_CONVERSION = YES;
				GCC_WARN_ABOUT_RETURN_TYPE = YES_ERROR;
				GCC_WARN_UNDECLARED_SELECTOR = YES;
				GCC_WARN_UNINITIALIZED_AUTOS = YES_AGGRESSIVE;
				GCC_WARN_UNUSED_FUNCTION = YES;
				GCC_WARN_UNUSED_VARIABLE = YES;
				IPHONEOS_DEPLOYMENT_TARGET = 11.2;
				MTL_ENABLE_DEBUG_INFO = YES;
				ONLY_ACTIVE_ARCH = YES;
				SDKROOT = iphoneos;
				SWIFT_ACTIVE_COMPILATION_CONDITIONS = DEBUG;
				SWIFT_OPTIMIZATION_LEVEL = "-Onone";
			};
			name = Debug;
		};
		1AB417682093C01C0075F4F8 /* Release */ = {
			isa = XCBuildConfiguration;
			buildSettings = {
				ALWAYS_SEARCH_USER_PATHS = NO;
				CLANG_ANALYZER_NONNULL = YES;
				CLANG_ANALYZER_NUMBER_OBJECT_CONVERSION = YES_AGGRESSIVE;
				CLANG_CXX_LANGUAGE_STANDARD = "gnu++14";
				CLANG_CXX_LIBRARY = "libc++";
				CLANG_ENABLE_MODULES = YES;
				CLANG_ENABLE_OBJC_ARC = YES;
				CLANG_WARN_BLOCK_CAPTURE_AUTORELEASING = YES;
				CLANG_WARN_BOOL_CONVERSION = YES;
				CLANG_WARN_COMMA = YES;
				CLANG_WARN_CONSTANT_CONVERSION = YES;
				CLANG_WARN_DIRECT_OBJC_ISA_USAGE = YES_ERROR;
				CLANG_WARN_DOCUMENTATION_COMMENTS = YES;
				CLANG_WARN_EMPTY_BODY = YES;
				CLANG_WARN_ENUM_CONVERSION = YES;
				CLANG_WARN_INFINITE_RECURSION = YES;
				CLANG_WARN_INT_CONVERSION = YES;
				CLANG_WARN_NON_LITERAL_NULL_CONVERSION = YES;
				CLANG_WARN_OBJC_LITERAL_CONVERSION = YES;
				CLANG_WARN_OBJC_ROOT_CLASS = YES_ERROR;
				CLANG_WARN_RANGE_LOOP_ANALYSIS = YES;
				CLANG_WARN_STRICT_PROTOTYPES = YES;
				CLANG_WARN_SUSPICIOUS_MOVE = YES;
				CLANG_WARN_UNGUARDED_AVAILABILITY = YES_AGGRESSIVE;
				CLANG_WARN_UNREACHABLE_CODE = YES;
				CLANG_WARN__DUPLICATE_METHOD_MATCH = YES;
				CODE_SIGN_IDENTITY = "iPhone Developer";
				COPY_PHASE_STRIP = NO;
				DEBUG_INFORMATION_FORMAT = "dwarf-with-dsym";
				ENABLE_NS_ASSERTIONS = NO;
				ENABLE_STRICT_OBJC_MSGSEND = YES;
				GCC_C_LANGUAGE_STANDARD = gnu11;
				GCC_NO_COMMON_BLOCKS = YES;
				GCC_WARN_64_TO_32_BIT_CONVERSION = YES;
				GCC_WARN_ABOUT_RETURN_TYPE = YES_ERROR;
				GCC_WARN_UNDECLARED_SELECTOR = YES;
				GCC_WARN_UNINITIALIZED_AUTOS = YES_AGGRESSIVE;
				GCC_WARN_UNUSED_FUNCTION = YES;
				GCC_WARN_UNUSED_VARIABLE = YES;
				IPHONEOS_DEPLOYMENT_TARGET = 11.2;
				MTL_ENABLE_DEBUG_INFO = NO;
				SDKROOT = iphoneos;
				SWIFT_OPTIMIZATION_LEVEL = "-Owholemodule";
				VALIDATE_PRODUCT = YES;
			};
			name = Release;
		};
		1AB4176A2093C01C0075F4F8 /* Debug */ = {
			isa = XCBuildConfiguration;
			buildSettings = {
				ASSETCATALOG_COMPILER_APPICON_NAME = AppIcon;
				CODE_SIGN_STYLE = Automatic;
				DEVELOPMENT_TEAM = 286XCES6NH;
				INFOPLIST_FILE = "emoji dictionary/Info.plist";
				LD_RUNPATH_SEARCH_PATHS = "$(inherited) @executable_path/Frameworks";
				PRODUCT_BUNDLE_IDENTIFIER = "com.carmenleander.emoji-dictionary";
				PRODUCT_NAME = "$(TARGET_NAME)";
				SWIFT_VERSION = 4.0;
				TARGETED_DEVICE_FAMILY = "1,2";
			};
			name = Debug;
		};
		1AB4176B2093C01C0075F4F8 /* Release */ = {
			isa = XCBuildConfiguration;
			buildSettings = {
				ASSETCATALOG_COMPILER_APPICON_NAME = AppIcon;
				CODE_SIGN_STYLE = Automatic;
				DEVELOPMENT_TEAM = 286XCES6NH;
				INFOPLIST_FILE = "emoji dictionary/Info.plist";
				LD_RUNPATH_SEARCH_PATHS = "$(inherited) @executable_path/Frameworks";
				PRODUCT_BUNDLE_IDENTIFIER = "com.carmenleander.emoji-dictionary";
				PRODUCT_NAME = "$(TARGET_NAME)";
				SWIFT_VERSION = 4.0;
				TARGETED_DEVICE_FAMILY = "1,2";
			};
			name = Release;
		};
/* End XCBuildConfiguration section */

/* Begin XCConfigurationList section */
		1AB417522093C01C0075F4F8 /* Build configuration list for PBXProject "emoji dictionary" */ = {
			isa = XCConfigurationList;
			buildConfigurations = (
				1AB417672093C01C0075F4F8 /* Debug */,
				1AB417682093C01C0075F4F8 /* Release */,
			);
			defaultConfigurationIsVisible = 0;
			defaultConfigurationName = Release;
		};
		1AB417692093C01C0075F4F8 /* Build configuration list for PBXNativeTarget "emoji dictionary" */ = {
			isa = XCConfigurationList;
			buildConfigurations = (
				1AB4176A2093C01C0075F4F8 /* Debug */,
				1AB4176B2093C01C0075F4F8 /* Release */,
			);
			defaultConfigurationIsVisible = 0;
			defaultConfigurationName = Release;
		};
/* End XCConfigurationList section */
	};
	rootObject = 1AB4174F2093C01C0075F4F8 /* Project object */;
}
